
Microsoft Visual Studio Solution File, Format Version 12.00
# Visual Studio Version 17
VisualStudioVersion = 17.10.35004.147
MinimumVisualStudioVersion = 10.0.40219.1
Project("{9A19103F-16F7-4668-BE54-9A1E7A4F7556}") = "LoyaltySystemAPI", "LoyaltySystemAPI\LoyaltySystemAPI.csproj", "{6801D4AF-02C3-4EB6-9F1C-DFACA167F0A6}"
EndProject
Project("{2150E333-8FDC-42A3-9474-1A3956D46DE8}") = "LoyaltySystemApplication", "LoyaltySystemApplication", "{A1FD4220-3DDA-441D-8B8C-BB5740749E5B}"
EndProject
Project("{9A19103F-16F7-4668-BE54-9A1E7A4F7556}") = "LoyaltySystemApplication", "LoyaltySystemApplication\LoyaltySystemApplication.csproj", "{9F85BCB7-C296-428D-B01B-2EA5263056AD}"
EndProject
Project("{2150E333-8FDC-42A3-9474-1A3956D46DE8}") = "LoyaltySystemCore", "LoyaltySystemCore", "{75AFA4E8-4716-490B-9758-862921DA2DE5}"
EndProject
Project("{9A19103F-16F7-4668-BE54-9A1E7A4F7556}") = "LoyaltySystemDomain", "LoyaltySystemDomain\LoyaltySystemDomain.csproj", "{6995FD8C-B950-42E3-82C5-A44D7CDF078D}"
EndProject
Project("{2150E333-8FDC-42A3-9474-1A3956D46DE8}") = "LoyaltySystemAPI", "LoyaltySystemAPI", "{F80C292C-0DA3-433D-A9B6-84E32F02D054}"
EndProject
Project("{2150E333-8FDC-42A3-9474-1A3956D46DE8}") = "LoyaltySystemInfrastructures", "LoyaltySystemInfrastructures", "{6C28BAD5-1D6D-4598-9F9C-3A0276513391}"
EndProject
Project("{9A19103F-16F7-4668-BE54-9A1E7A4F7556}") = "LoyaltySystemInfrastructures", "LoyaltySystemInfrastructures\LoyaltySystemInfrastructures.csproj", "{2768C6A8-C3C7-4019-A34F-8D0527EE700F}"
EndProject
Project("{2150E333-8FDC-42A3-9474-1A3956D46DE8}") = "LoyaltySystemTest", "LoyaltySystemTest", "{FAFDB3C1-4053-4321-B443-FD0940D78412}"
EndProject
Project("{FAE04EC0-301F-11D3-BF4B-00C04F79EFBC}") = "LoyaltySystemTest", "LoyaltySystemTests\LoyaltySystemTest.csproj", "{20D3FD1B-149D-43DC-BCC1-7697DD509286}"
EndProject
Global
	GlobalSection(SolutionConfigurationPlatforms) = preSolution
		Debug|Any CPU = Debug|Any CPU
		Release|Any CPU = Release|Any CPU
	EndGlobalSection
	GlobalSection(ProjectConfigurationPlatforms) = postSolution
		{6801D4AF-02C3-4EB6-9F1C-DFACA167F0A6}.Debug|Any CPU.ActiveCfg = Debug|Any CPU
		{6801D4AF-02C3-4EB6-9F1C-DFACA167F0A6}.Debug|Any CPU.Build.0 = Debug|Any CPU
		{6801D4AF-02C3-4EB6-9F1C-DFACA167F0A6}.Release|Any CPU.ActiveCfg = Release|Any CPU
		{6801D4AF-02C3-4EB6-9F1C-DFACA167F0A6}.Release|Any CPU.Build.0 = Release|Any CPU
		{9F85BCB7-C296-428D-B01B-2EA5263056AD}.Debug|Any CPU.ActiveCfg = Debug|Any CPU
		{9F85BCB7-C296-428D-B01B-2EA5263056AD}.Debug|Any CPU.Build.0 = Debug|Any CPU
		{9F85BCB7-C296-428D-B01B-2EA5263056AD}.Release|Any CPU.ActiveCfg = Release|Any CPU
		{9F85BCB7-C296-428D-B01B-2EA5263056AD}.Release|Any CPU.Build.0 = Release|Any CPU
		{6995FD8C-B950-42E3-82C5-A44D7CDF078D}.Debug|Any CPU.ActiveCfg = Debug|Any CPU
		{6995FD8C-B950-42E3-82C5-A44D7CDF078D}.Debug|Any CPU.Build.0 = Debug|Any CPU
		{6995FD8C-B950-42E3-82C5-A44D7CDF078D}.Release|Any CPU.ActiveCfg = Release|Any CPU
		{6995FD8C-B950-42E3-82C5-A44D7CDF078D}.Release|Any CPU.Build.0 = Release|Any CPU
		{2768C6A8-C3C7-4019-A34F-8D0527EE700F}.Debug|Any CPU.ActiveCfg = Debug|Any CPU
		{2768C6A8-C3C7-4019-A34F-8D0527EE700F}.Debug|Any CPU.Build.0 = Debug|Any CPU
		{2768C6A8-C3C7-4019-A34F-8D0527EE700F}.Release|Any CPU.ActiveCfg = Release|Any CPU
		{2768C6A8-C3C7-4019-A34F-8D0527EE700F}.Release|Any CPU.Build.0 = Release|Any CPU
		{20D3FD1B-149D-43DC-BCC1-7697DD509286}.Debug|Any CPU.ActiveCfg = Debug|Any CPU
		{20D3FD1B-149D-43DC-BCC1-7697DD509286}.Debug|Any CPU.Build.0 = Debug|Any CPU
		{20D3FD1B-149D-43DC-BCC1-7697DD509286}.Release|Any CPU.ActiveCfg = Release|Any CPU
		{20D3FD1B-149D-43DC-BCC1-7697DD509286}.Release|Any CPU.Build.0 = Release|Any CPU
	EndGlobalSection
	GlobalSection(SolutionProperties) = preSolution
		HideSolutionNode = FALSE
	EndGlobalSection
	GlobalSection(NestedProjects) = preSolution
		{6801D4AF-02C3-4EB6-9F1C-DFACA167F0A6} = {F80C292C-0DA3-433D-A9B6-84E32F02D054}
		{9F85BCB7-C296-428D-B01B-2EA5263056AD} = {A1FD4220-3DDA-441D-8B8C-BB5740749E5B}
		{6995FD8C-B950-42E3-82C5-A44D7CDF078D} = {75AFA4E8-4716-490B-9758-862921DA2DE5}
		{2768C6A8-C3C7-4019-A34F-8D0527EE700F} = {6C28BAD5-1D6D-4598-9F9C-3A0276513391}
		{20D3FD1B-149D-43DC-BCC1-7697DD509286} = {FAFDB3C1-4053-4321-B443-FD0940D78412}
	EndGlobalSection
	GlobalSection(ExtensibilityGlobals) = postSolution
		SolutionGuid = {70720F46-9E2C-4366-A5DA-29E870689411}
	EndGlobalSection
EndGlobal
